// !$*UTF8*$!
{
	archiveVersion = 1;
	classes = {
	};
	objectVersion = 50;
	objects = {

/* Begin PBXBuildFile section */
		1A3F8D42268B684200710E99 /* Text_to_HandwrittingApp.swift in Sources */ = {isa = PBXBuildFile; fileRef = 1A3F8D41268B684200710E99 /* Text_to_HandwrittingApp.swift */; };
		1A3F8D44268B684200710E99 /* Text_to_HandwrittingDocument.swift in Sources */ = {isa = PBXBuildFile; fileRef = 1A3F8D43268B684200710E99 /* Text_to_HandwrittingDocument.swift */; };
		1A3F8D46268B684200710E99 /* ContentView.swift in Sources */ = {isa = PBXBuildFile; fileRef = 1A3F8D45268B684200710E99 /* ContentView.swift */; };
		1A3F8D48268B684200710E99 /* Assets.xcassets in Resources */ = {isa = PBXBuildFile; fileRef = 1A3F8D47268B684200710E99 /* Assets.xcassets */; };
		1A3F8D4B268B684200710E99 /* Preview Assets.xcassets in Resources */ = {isa = PBXBuildFile; fileRef = 1A3F8D4A268B684200710E99 /* Preview Assets.xcassets */; };
		1A3F8D54268B701100710E99 /* CharSet.swift in Sources */ = {isa = PBXBuildFile; fileRef = 1A3F8D53268B701100710E99 /* CharSet.swift */; };
		1A3F92CA268BD0E200710E99 /* linedpaper.png in Resources */ = {isa = PBXBuildFile; fileRef = 1A3F92C9268BD0E200710E99 /* linedpaper.png */; };
		1A3F92D1268CB75800710E99 /* Extensions.swift in Sources */ = {isa = PBXBuildFile; fileRef = 1A3F92D0268CB75800710E99 /* Extensions.swift */; };
		1A53399C26A71B7E00CC037D /* CharSetDocument.swift in Sources */ = {isa = PBXBuildFile; fileRef = 1A53399B26A71B7E00CC037D /* CharSetDocument.swift */; };
		1A59E4AF2690FAC500F93D58 /* Template.swift in Sources */ = {isa = PBXBuildFile; fileRef = 1A59E4AE2690FAC500F93D58 /* Template.swift */; };
		1A59E4B62691F05E00F93D58 /* blankpaper.png in Resources */ = {isa = PBXBuildFile; fileRef = 1A59E4B52691F05E00F93D58 /* blankpaper.png */; };
		1A59E4B92694D35000F93D58 /* ImagePicker.swift in Sources */ = {isa = PBXBuildFile; fileRef = 1A59E4B82694D35000F93D58 /* ImagePicker.swift */; };
		1A948E8026AB2F3C00BE942C /* TemplateDocument.swift in Sources */ = {isa = PBXBuildFile; fileRef = 1A948E7F26AB2F3C00BE942C /* TemplateDocument.swift */; };
		1A948E9126ADF70900BE942C /* Catalog.swift in Sources */ = {isa = PBXBuildFile; fileRef = 1A948E9026ADF70900BE942C /* Catalog.swift */; };
		1AA1E2BA269B8D9A007DAE76 /* FilesManager.swift in Sources */ = {isa = PBXBuildFile; fileRef = 1AA1E2B9269B8D9A007DAE76 /* FilesManager.swift */; };
		1AA1E2C0269F2766007DAE76 /* OptionsView.swift in Sources */ = {isa = PBXBuildFile; fileRef = 1AA1E2BF269F2766007DAE76 /* OptionsView.swift */; };
		1AA1E2CC269F2863007DAE76 /* NumberSelector.swift in Sources */ = {isa = PBXBuildFile; fileRef = 1AA1E2CB269F2863007DAE76 /* NumberSelector.swift */; };
		1AA1E2CF269F2891007DAE76 /* ImageRectSelector.swift in Sources */ = {isa = PBXBuildFile; fileRef = 1AA1E2CE269F2891007DAE76 /* ImageRectSelector.swift */; };
		1AA1E2D3269F28E4007DAE76 /* TemplateEditor.swift in Sources */ = {isa = PBXBuildFile; fileRef = 1AA1E2D2269F28E4007DAE76 /* TemplateEditor.swift */; };
		1AA1E2DF26A0B32C007DAE76 /* CharSetEditor.swift in Sources */ = {isa = PBXBuildFile; fileRef = 1AA1E2DE26A0B32C007DAE76 /* CharSetEditor.swift */; };
		1AA1E2E226A0F6A6007DAE76 /* WritingView.swift in Sources */ = {isa = PBXBuildFile; fileRef = 1AA1E2E126A0F6A6007DAE76 /* WritingView.swift */; };
		1ACB329826AF3322000674BC /* DocumentSelector.swift in Sources */ = {isa = PBXBuildFile; fileRef = 1ACB329726AF3322000674BC /* DocumentSelector.swift */; };
		1ACB329A26AF48EB000674BC /* HandwrittingDocumentProtocols.swift in Sources */ = {isa = PBXBuildFile; fileRef = 1ACB329926AF48EB000674BC /* HandwrittingDocumentProtocols.swift */; };
/* End PBXBuildFile section */

/* Begin PBXFileReference section */
		1A3F8D3E268B684200710E99 /* Text to Handwritting.app */ = {isa = PBXFileReference; explicitFileType = wrapper.application; includeInIndex = 0; path = "Text to Handwritting.app"; sourceTree = BUILT_PRODUCTS_DIR; };
		1A3F8D41268B684200710E99 /* Text_to_HandwrittingApp.swift */ = {isa = PBXFileReference; lastKnownFileType = sourcecode.swift; path = Text_to_HandwrittingApp.swift; sourceTree = "<group>"; };
		1A3F8D43268B684200710E99 /* Text_to_HandwrittingDocument.swift */ = {isa = PBXFileReference; lastKnownFileType = sourcecode.swift; path = Text_to_HandwrittingDocument.swift; sourceTree = "<group>"; };
		1A3F8D45268B684200710E99 /* ContentView.swift */ = {isa = PBXFileReference; lastKnownFileType = sourcecode.swift; path = ContentView.swift; sourceTree = "<group>"; };
		1A3F8D47268B684200710E99 /* Assets.xcassets */ = {isa = PBXFileReference; lastKnownFileType = folder.assetcatalog; path = Assets.xcassets; sourceTree = "<group>"; };
		1A3F8D4A268B684200710E99 /* Preview Assets.xcassets */ = {isa = PBXFileReference; lastKnownFileType = folder.assetcatalog; path = "Preview Assets.xcassets"; sourceTree = "<group>"; };
		1A3F8D4C268B684200710E99 /* Info.plist */ = {isa = PBXFileReference; lastKnownFileType = text.plist.xml; path = Info.plist; sourceTree = "<group>"; };
		1A3F8D53268B701100710E99 /* CharSet.swift */ = {isa = PBXFileReference; lastKnownFileType = sourcecode.swift; path = CharSet.swift; sourceTree = "<group>"; };
		1A3F92C9268BD0E200710E99 /* linedpaper.png */ = {isa = PBXFileReference; lastKnownFileType = image.png; path = linedpaper.png; sourceTree = "<group>"; };
		1A3F92D0268CB75800710E99 /* Extensions.swift */ = {isa = PBXFileReference; lastKnownFileType = sourcecode.swift; path = Extensions.swift; sourceTree = "<group>"; };
		1A3F984E268E3DC300710E99 /* Photos.framework */ = {isa = PBXFileReference; lastKnownFileType = wrapper.framework; name = Photos.framework; path = System/Library/Frameworks/Photos.framework; sourceTree = SDKROOT; };
		1A3F9853268E77CF00710E99 /* .gitignore */ = {isa = PBXFileReference; lastKnownFileType = text; path = .gitignore; sourceTree = "<group>"; };
		1A53399B26A71B7E00CC037D /* CharSetDocument.swift */ = {isa = PBXFileReference; lastKnownFileType = sourcecode.swift; path = CharSetDocument.swift; sourceTree = "<group>"; };
		1A59E4AE2690FAC500F93D58 /* Template.swift */ = {isa = PBXFileReference; lastKnownFileType = sourcecode.swift; path = Template.swift; sourceTree = "<group>"; };
		1A59E4B52691F05E00F93D58 /* blankpaper.png */ = {isa = PBXFileReference; lastKnownFileType = image.png; name = blankpaper.png; path = ../../../../../Downloads/blankpaper.png; sourceTree = "<group>"; };
		1A59E4B82694D35000F93D58 /* ImagePicker.swift */ = {isa = PBXFileReference; lastKnownFileType = sourcecode.swift; path = ImagePicker.swift; sourceTree = "<group>"; };
		1A948E7F26AB2F3C00BE942C /* TemplateDocument.swift */ = {isa = PBXFileReference; lastKnownFileType = sourcecode.swift; path = TemplateDocument.swift; sourceTree = "<group>"; };
		1A948E9026ADF70900BE942C /* Catalog.swift */ = {isa = PBXFileReference; lastKnownFileType = sourcecode.swift; path = Catalog.swift; sourceTree = "<group>"; };
		1AA1E2B9269B8D9A007DAE76 /* FilesManager.swift */ = {isa = PBXFileReference; lastKnownFileType = sourcecode.swift; path = FilesManager.swift; sourceTree = "<group>"; };
		1AA1E2BF269F2766007DAE76 /* OptionsView.swift */ = {isa = PBXFileReference; lastKnownFileType = sourcecode.swift; path = OptionsView.swift; sourceTree = "<group>"; };
		1AA1E2CB269F2863007DAE76 /* NumberSelector.swift */ = {isa = PBXFileReference; lastKnownFileType = sourcecode.swift; path = NumberSelector.swift; sourceTree = "<group>"; };
		1AA1E2CE269F2891007DAE76 /* ImageRectSelector.swift */ = {isa = PBXFileReference; lastKnownFileType = sourcecode.swift; path = ImageRectSelector.swift; sourceTree = "<group>"; };
		1AA1E2D2269F28E4007DAE76 /* TemplateEditor.swift */ = {isa = PBXFileReference; lastKnownFileType = sourcecode.swift; path = TemplateEditor.swift; sourceTree = "<group>"; };
		1AA1E2DE26A0B32C007DAE76 /* CharSetEditor.swift */ = {isa = PBXFileReference; lastKnownFileType = sourcecode.swift; path = CharSetEditor.swift; sourceTree = "<group>"; };
		1AA1E2E126A0F6A6007DAE76 /* WritingView.swift */ = {isa = PBXFileReference; lastKnownFileType = sourcecode.swift; path = WritingView.swift; sourceTree = "<group>"; };
		1ACB329726AF3322000674BC /* DocumentSelector.swift */ = {isa = PBXFileReference; lastKnownFileType = sourcecode.swift; path = DocumentSelector.swift; sourceTree = "<group>"; };
		1ACB329926AF48EB000674BC /* HandwrittingDocumentProtocols.swift */ = {isa = PBXFileReference; lastKnownFileType = sourcecode.swift; path = HandwrittingDocumentProtocols.swift; sourceTree = "<group>"; };
/* End PBXFileReference section */

/* Begin PBXFrameworksBuildPhase section */
		1A3F8D3B268B684200710E99 /* Frameworks */ = {
			isa = PBXFrameworksBuildPhase;
			buildActionMask = 2147483647;
			files = (
			);
			runOnlyForDeploymentPostprocessing = 0;
		};
/* End PBXFrameworksBuildPhase section */

/* Begin PBXGroup section */
		1A3F8D35268B684200710E99 = {
			isa = PBXGroup;
			children = (
				1A3F8D3F268B684200710E99 /* Products */,
				1A3F92C8268BD0BA00710E99 /* Backgrounds */,
				1A3F8D40268B684200710E99 /* Text to Handwritting */,
				1A3F984D268E3DC300710E99 /* Frameworks */,
			);
			sourceTree = "<group>";
		};
		1A3F8D3F268B684200710E99 /* Products */ = {
			isa = PBXGroup;
			children = (
				1A3F8D3E268B684200710E99 /* Text to Handwritting.app */,
			);
			name = Products;
			sourceTree = "<group>";
		};
		1A3F8D40268B684200710E99 /* Text to Handwritting */ = {
			isa = PBXGroup;
			children = (
				1A3F8D41268B684200710E99 /* Text_to_HandwrittingApp.swift */,
				1A3F8D43268B684200710E99 /* Text_to_HandwrittingDocument.swift */,
				1A3F8D45268B684200710E99 /* ContentView.swift */,
				1AA1E2BF269F2766007DAE76 /* OptionsView.swift */,
				1A948E9026ADF70900BE942C /* Catalog.swift */,
				1A53399B26A71B7E00CC037D /* CharSetDocument.swift */,
				1A3F8D53268B701100710E99 /* CharSet.swift */,
				1ACB329726AF3322000674BC /* DocumentSelector.swift */,
				1ACB329926AF48EB000674BC /* HandwrittingDocumentProtocols.swift */,
				1AA1E2DE26A0B32C007DAE76 /* CharSetEditor.swift */,
				1AA1E2E126A0F6A6007DAE76 /* WritingView.swift */,
				1AA1E2CB269F2863007DAE76 /* NumberSelector.swift */,
				1A948E7F26AB2F3C00BE942C /* TemplateDocument.swift */,
				1A59E4AE2690FAC500F93D58 /* Template.swift */,
				1AA1E2D2269F28E4007DAE76 /* TemplateEditor.swift */,
				1A59E4B82694D35000F93D58 /* ImagePicker.swift */,
				1AA1E2CE269F2891007DAE76 /* ImageRectSelector.swift */,
				1A3F92D0268CB75800710E99 /* Extensions.swift */,
				1AA1E2B9269B8D9A007DAE76 /* FilesManager.swift */,
				1A3F9853268E77CF00710E99 /* .gitignore */,
				1A3F8D47268B684200710E99 /* Assets.xcassets */,
				1A3F8D4C268B684200710E99 /* Info.plist */,
				1A3F8D49268B684200710E99 /* Preview Content */,
			);
			path = "Text to Handwritting";
			sourceTree = "<group>";
		};
		1A3F8D49268B684200710E99 /* Preview Content */ = {
			isa = PBXGroup;
			children = (
				1A3F8D4A268B684200710E99 /* Preview Assets.xcassets */,
			);
			path = "Preview Content";
			sourceTree = "<group>";
		};
		1A3F92C8268BD0BA00710E99 /* Backgrounds */ = {
			isa = PBXGroup;
			children = (
				1A59E4B52691F05E00F93D58 /* blankpaper.png */,
				1A3F92C9268BD0E200710E99 /* linedpaper.png */,
			);
			path = Backgrounds;
			sourceTree = "<group>";
		};
		1A3F984D268E3DC300710E99 /* Frameworks */ = {
			isa = PBXGroup;
			children = (
				1A3F984E268E3DC300710E99 /* Photos.framework */,
			);
			name = Frameworks;
			sourceTree = "<group>";
		};
/* End PBXGroup section */

/* Begin PBXNativeTarget section */
		1A3F8D3D268B684200710E99 /* Text to Handwritting */ = {
			isa = PBXNativeTarget;
			buildConfigurationList = 1A3F8D4F268B684200710E99 /* Build configuration list for PBXNativeTarget "Text to Handwritting" */;
			buildPhases = (
				1A3F8D3A268B684200710E99 /* Sources */,
				1A3F8D3B268B684200710E99 /* Frameworks */,
				1A3F8D3C268B684200710E99 /* Resources */,
			);
			buildRules = (
			);
			dependencies = (
			);
			name = "Text to Handwritting";
			productName = "Text to Handwritting";
			productReference = 1A3F8D3E268B684200710E99 /* Text to Handwritting.app */;
			productType = "com.apple.product-type.application";
		};
/* End PBXNativeTarget section */

/* Begin PBXProject section */
		1A3F8D36268B684200710E99 /* Project object */ = {
			isa = PBXProject;
			attributes = {
				LastSwiftUpdateCheck = 1240;
				LastUpgradeCheck = 1240;
				TargetAttributes = {
					1A3F8D3D268B684200710E99 = {
						CreatedOnToolsVersion = 12.4;
					};
				};
			};
			buildConfigurationList = 1A3F8D39268B684200710E99 /* Build configuration list for PBXProject "Text to Handwritting" */;
			compatibilityVersion = "Xcode 9.3";
			developmentRegion = en;
			hasScannedForEncodings = 0;
			knownRegions = (
				en,
				Base,
			);
			mainGroup = 1A3F8D35268B684200710E99;
			productRefGroup = 1A3F8D3F268B684200710E99 /* Products */;
			projectDirPath = "";
			projectRoot = "";
			targets = (
				1A3F8D3D268B684200710E99 /* Text to Handwritting */,
			);
		};
/* End PBXProject section */

/* Begin PBXResourcesBuildPhase section */
		1A3F8D3C268B684200710E99 /* Resources */ = {
			isa = PBXResourcesBuildPhase;
			buildActionMask = 2147483647;
			files = (
				1A59E4B62691F05E00F93D58 /* blankpaper.png in Resources */,
				1A3F8D4B268B684200710E99 /* Preview Assets.xcassets in Resources */,
				1A3F8D48268B684200710E99 /* Assets.xcassets in Resources */,
				1A3F92CA268BD0E200710E99 /* linedpaper.png in Resources */,
			);
			runOnlyForDeploymentPostprocessing = 0;
		};
/* End PBXResourcesBuildPhase section */

/* Begin PBXSourcesBuildPhase section */
		1A3F8D3A268B684200710E99 /* Sources */ = {
			isa = PBXSourcesBuildPhase;
			buildActionMask = 2147483647;
			files = (
				1AA1E2BA269B8D9A007DAE76 /* FilesManager.swift in Sources */,
				1AA1E2E226A0F6A6007DAE76 /* WritingView.swift in Sources */,
				1A3F8D42268B684200710E99 /* Text_to_HandwrittingApp.swift in Sources */,
				1A3F92D1268CB75800710E99 /* Extensions.swift in Sources */,
				1AA1E2CC269F2863007DAE76 /* NumberSelector.swift in Sources */,
				1A59E4B92694D35000F93D58 /* ImagePicker.swift in Sources */,
				1A3F8D44268B684200710E99 /* Text_to_HandwrittingDocument.swift in Sources */,
				1AA1E2CF269F2891007DAE76 /* ImageRectSelector.swift in Sources */,
				1AA1E2DF26A0B32C007DAE76 /* CharSetEditor.swift in Sources */,
				1ACB329A26AF48EB000674BC /* HandwrittingDocumentProtocols.swift in Sources */,
				1A53399C26A71B7E00CC037D /* CharSetDocument.swift in Sources */,
				1A59E4AF2690FAC500F93D58 /* Template.swift in Sources */,
				1AA1E2C0269F2766007DAE76 /* OptionsView.swift in Sources */,
				1ACB329826AF3322000674BC /* DocumentSelector.swift in Sources */,
				1A3F8D54268B701100710E99 /* CharSet.swift in Sources */,
				1A3F8D46268B684200710E99 /* ContentView.swift in Sources */,
				1A948E9126ADF70900BE942C /* Catalog.swift in Sources */,
				1AA1E2D3269F28E4007DAE76 /* TemplateEditor.swift in Sources */,
				1A948E8026AB2F3C00BE942C /* TemplateDocument.swift in Sources */,
			);
			runOnlyForDeploymentPostprocessing = 0;
		};
/* End PBXSourcesBuildPhase section */

/* Begin XCBuildConfiguration section */
		1A3F8D4D268B684200710E99 /* Debug */ = {
			isa = XCBuildConfiguration;
			buildSettings = {
				ALWAYS_SEARCH_USER_PATHS = NO;
				CLANG_ANALYZER_NONNULL = YES;
				CLANG_ANALYZER_NUMBER_OBJECT_CONVERSION = YES_AGGRESSIVE;
				CLANG_CXX_LANGUAGE_STANDARD = "gnu++14";
				CLANG_CXX_LIBRARY = "libc++";
				CLANG_ENABLE_MODULES = YES;
				CLANG_ENABLE_OBJC_ARC = YES;
				CLANG_ENABLE_OBJC_WEAK = YES;
				CLANG_WARN_BLOCK_CAPTURE_AUTORELEASING = YES;
				CLANG_WARN_BOOL_CONVERSION = YES;
				CLANG_WARN_COMMA = YES;
				CLANG_WARN_CONSTANT_CONVERSION = YES;
				CLANG_WARN_DEPRECATED_OBJC_IMPLEMENTATIONS = YES;
				CLANG_WARN_DIRECT_OBJC_ISA_USAGE = YES_ERROR;
				CLANG_WARN_DOCUMENTATION_COMMENTS = YES;
				CLANG_WARN_EMPTY_BODY = YES;
				CLANG_WARN_ENUM_CONVERSION = YES;
				CLANG_WARN_INFINITE_RECURSION = YES;
				CLANG_WARN_INT_CONVERSION = YES;
				CLANG_WARN_NON_LITERAL_NULL_CONVERSION = YES;
				CLANG_WARN_OBJC_IMPLICIT_RETAIN_SELF = YES;
				CLANG_WARN_OBJC_LITERAL_CONVERSION = YES;
				CLANG_WARN_OBJC_ROOT_CLASS = YES_ERROR;
				CLANG_WARN_QUOTED_INCLUDE_IN_FRAMEWORK_HEADER = YES;
				CLANG_WARN_RANGE_LOOP_ANALYSIS = YES;
				CLANG_WARN_STRICT_PROTOTYPES = YES;
				CLANG_WARN_SUSPICIOUS_MOVE = YES;
				CLANG_WARN_UNGUARDED_AVAILABILITY = YES_AGGRESSIVE;
				CLANG_WARN_UNREACHABLE_CODE = YES;
				CLANG_WARN__DUPLICATE_METHOD_MATCH = YES;
				COPY_PHASE_STRIP = NO;
				DEBUG_INFORMATION_FORMAT = dwarf;
				ENABLE_STRICT_OBJC_MSGSEND = YES;
				ENABLE_TESTABILITY = YES;
				GCC_C_LANGUAGE_STANDARD = gnu11;
				GCC_DYNAMIC_NO_PIC = NO;
				GCC_NO_COMMON_BLOCKS = YES;
				GCC_OPTIMIZATION_LEVEL = 0;
				GCC_PREPROCESSOR_DEFINITIONS = (
					"DEBUG=1",
					"$(inherited)",
				);
				GCC_WARN_64_TO_32_BIT_CONVERSION = YES;
				GCC_WARN_ABOUT_RETURN_TYPE = YES_ERROR;
				GCC_WARN_UNDECLARED_SELECTOR = YES;
				GCC_WARN_UNINITIALIZED_AUTOS = YES_AGGRESSIVE;
				GCC_WARN_UNUSED_FUNCTION = YES;
				GCC_WARN_UNUSED_VARIABLE = YES;
				IPHONEOS_DEPLOYMENT_TARGET = 14.4;
				MTL_ENABLE_DEBUG_INFO = INCLUDE_SOURCE;
				MTL_FAST_MATH = YES;
				ONLY_ACTIVE_ARCH = YES;
				SDKROOT = iphoneos;
				SWIFT_ACTIVE_COMPILATION_CONDITIONS = DEBUG;
				SWIFT_OPTIMIZATION_LEVEL = "-Onone";
			};
			name = Debug;
		};
		1A3F8D4E268B684200710E99 /* Release */ = {
			isa = XCBuildConfiguration;
			buildSettings = {
				ALWAYS_SEARCH_USER_PATHS = NO;
				CLANG_ANALYZER_NONNULL = YES;
				CLANG_ANALYZER_NUMBER_OBJECT_CONVERSION = YES_AGGRESSIVE;
				CLANG_CXX_LANGUAGE_STANDARD = "gnu++14";
				CLANG_CXX_LIBRARY = "libc++";
				CLANG_ENABLE_MODULES = YES;
				CLANG_ENABLE_OBJC_ARC = YES;
				CLANG_ENABLE_OBJC_WEAK = YES;
				CLANG_WARN_BLOCK_CAPTURE_AUTORELEASING = YES;
				CLANG_WARN_BOOL_CONVERSION = YES;
				CLANG_WARN_COMMA = YES;
				CLANG_WARN_CONSTANT_CONVERSION = YES;
				CLANG_WARN_DEPRECATED_OBJC_IMPLEMENTATIONS = YES;
				CLANG_WARN_DIRECT_OBJC_ISA_USAGE = YES_ERROR;
				CLANG_WARN_DOCUMENTATION_COMMENTS = YES;
				CLANG_WARN_EMPTY_BODY = YES;
				CLANG_WARN_ENUM_CONVERSION = YES;
				CLANG_WARN_INFINITE_RECURSION = YES;
				CLANG_WARN_INT_CONVERSION = YES;
				CLANG_WARN_NON_LITERAL_NULL_CONVERSION = YES;
				CLANG_WARN_OBJC_IMPLICIT_RETAIN_SELF = YES;
				CLANG_WARN_OBJC_LITERAL_CONVERSION = YES;
				CLANG_WARN_OBJC_ROOT_CLASS = YES_ERROR;
				CLANG_WARN_QUOTED_INCLUDE_IN_FRAMEWORK_HEADER = YES;
				CLANG_WARN_RANGE_LOOP_ANALYSIS = YES;
				CLANG_WARN_STRICT_PROTOTYPES = YES;
				CLANG_WARN_SUSPICIOUS_MOVE = YES;
				CLANG_WARN_UNGUARDED_AVAILABILITY = YES_AGGRESSIVE;
				CLANG_WARN_UNREACHABLE_CODE = YES;
				CLANG_WARN__DUPLICATE_METHOD_MATCH = YES;
				COPY_PHASE_STRIP = NO;
				DEBUG_INFORMATION_FORMAT = "dwarf-with-dsym";
				ENABLE_NS_ASSERTIONS = NO;
				ENABLE_STRICT_OBJC_MSGSEND = YES;
				GCC_C_LANGUAGE_STANDARD = gnu11;
				GCC_NO_COMMON_BLOCKS = YES;
				GCC_WARN_64_TO_32_BIT_CONVERSION = YES;
				GCC_WARN_ABOUT_RETURN_TYPE = YES_ERROR;
				GCC_WARN_UNDECLARED_SELECTOR = YES;
				GCC_WARN_UNINITIALIZED_AUTOS = YES_AGGRESSIVE;
				GCC_WARN_UNUSED_FUNCTION = YES;
				GCC_WARN_UNUSED_VARIABLE = YES;
				IPHONEOS_DEPLOYMENT_TARGET = 14.4;
				MTL_ENABLE_DEBUG_INFO = NO;
				MTL_FAST_MATH = YES;
				SDKROOT = iphoneos;
				SWIFT_COMPILATION_MODE = wholemodule;
				SWIFT_OPTIMIZATION_LEVEL = "-O";
				VALIDATE_PRODUCT = YES;
			};
			name = Release;
		};
		1A3F8D50268B684200710E99 /* Debug */ = {
			isa = XCBuildConfiguration;
			buildSettings = {
				ASSETCATALOG_COMPILER_APPICON_NAME = AppIcon;
				ASSETCATALOG_COMPILER_GLOBAL_ACCENT_COLOR_NAME = AccentColor;
				CODE_SIGN_STYLE = Automatic;
				DEVELOPMENT_ASSET_PATHS = "\"Text to Handwritting/Preview Content\"";
				DEVELOPMENT_TEAM = PJMGXL4PJQ;
				ENABLE_PREVIEWS = YES;
				INFOPLIST_FILE = "Text to Handwritting/Info.plist";
				IPHONEOS_DEPLOYMENT_TARGET = 14.0;
				LD_RUNPATH_SEARCH_PATHS = (
					"$(inherited)",
					"@executable_path/Frameworks",
				);
				PRODUCT_BUNDLE_IDENTIFIER = "org.davidlong.Text-to-Handwritting";
				PRODUCT_NAME = "$(TARGET_NAME)";
				SWIFT_VERSION = 5.0;
				TARGETED_DEVICE_FAMILY = "1,2";
			};
			name = Debug;
		};
		1A3F8D51268B684200710E99 /* Release */ = {
			isa = XCBuildConfiguration;
			buildSettings = {
				ASSETCATALOG_COMPILER_APPICON_NAME = AppIcon;
				ASSETCATALOG_COMPILER_GLOBAL_ACCENT_COLOR_NAME = AccentColor;
				CODE_SIGN_STYLE = Automatic;
				DEVELOPMENT_ASSET_PATHS = "\"Text to Handwritting/Preview Content\"";
				DEVELOPMENT_TEAM = PJMGXL4PJQ;
				ENABLE_PREVIEWS = YES;
				INFOPLIST_FILE = "Text to Handwritting/Info.plist";
				IPHONEOS_DEPLOYMENT_TARGET = 14.0;
				LD_RUNPATH_SEARCH_PATHS = (
					"$(inherited)",
					"@executable_path/Frameworks",
				);
				PRODUCT_BUNDLE_IDENTIFIER = "org.davidlong.Text-to-Handwritting";
				PRODUCT_NAME = "$(TARGET_NAME)";
				SWIFT_VERSION = 5.0;
				TARGETED_DEVICE_FAMILY = "1,2";
			};
			name = Release;
		};
/* End XCBuildConfiguration section */

/* Begin XCConfigurationList section */
		1A3F8D39268B684200710E99 /* Build configuration list for PBXProject "Text to Handwritting" */ = {
			isa = XCConfigurationList;
			buildConfigurations = (
				1A3F8D4D268B684200710E99 /* Debug */,
				1A3F8D4E268B684200710E99 /* Release */,
			);
			defaultConfigurationIsVisible = 0;
			defaultConfigurationName = Release;
		};
		1A3F8D4F268B684200710E99 /* Build configuration list for PBXNativeTarget "Text to Handwritting" */ = {
			isa = XCConfigurationList;
			buildConfigurations = (
				1A3F8D50268B684200710E99 /* Debug */,
				1A3F8D51268B684200710E99 /* Release */,
			);
			defaultConfigurationIsVisible = 0;
			defaultConfigurationName = Release;
		};
/* End XCConfigurationList section */
	};
	rootObject = 1A3F8D36268B684200710E99 /* Project object */;
}
